
Microsoft Visual Studio Solution File, Format Version 12.00
# Visual Studio Version 16
VisualStudioVersion = 16.0.31702.278
MinimumVisualStudioVersion = 10.0.40219.1
Project("{FAE04EC0-301F-11D3-BF4B-00C04F79EFBC}") = "gridview-one", "gridview-one\gridview-one.csproj", "{3D1E5434-9F5D-4F98-8ECA-30D9C3449133}"
EndProject
Project("{2150E333-8FDC-42A3-9474-1A3956D46DE8}") = "Solution Items", "Solution Items", "{9DBA68C7-BCA5-431D-9EDB-3A5A5611E858}"
	ProjectSection(SolutionItems) = preProject
		auto.cs = auto.cs
	EndProjectSection
EndProject
Project("{FAE04EC0-301F-11D3-BF4B-00C04F79EFBC}") = "auto2", "auto2\auto2.csproj", "{757BC69A-34AE-481C-BC9F-40BEDA4E2680}"
EndProject
Global
	GlobalSection(SolutionConfigurationPlatforms) = preSolution
		Debug|Any CPU = Debug|Any CPU
		Release|Any CPU = Release|Any CPU
	EndGlobalSection
	GlobalSection(ProjectConfigurationPlatforms) = postSolution
		{3D1E5434-9F5D-4F98-8ECA-30D9C3449133}.Debug|Any CPU.ActiveCfg = Debug|Any CPU
		{3D1E5434-9F5D-4F98-8ECA-30D9C3449133}.Debug|Any CPU.Build.0 = Debug|Any CPU
		{3D1E5434-9F5D-4F98-8ECA-30D9C3449133}.Release|Any CPU.ActiveCfg = Release|Any CPU
		{3D1E5434-9F5D-4F98-8ECA-30D9C3449133}.Release|Any CPU.Build.0 = Release|Any CPU
		{757BC69A-34AE-481C-BC9F-40BEDA4E2680}.Debug|Any CPU.ActiveCfg = Debug|Any CPU
		{757BC69A-34AE-481C-BC9F-40BEDA4E2680}.Debug|Any CPU.Build.0 = Debug|Any CPU
		{757BC69A-34AE-481C-BC9F-40BEDA4E2680}.Release|Any CPU.ActiveCfg = Release|Any CPU
		{757BC69A-34AE-481C-BC9F-40BEDA4E2680}.Release|Any CPU.Build.0 = Release|Any CPU
	EndGlobalSection
	GlobalSection(SolutionProperties) = preSolution
		HideSolutionNode = FALSE
	EndGlobalSection
	GlobalSection(ExtensibilityGlobals) = postSolution
		SolutionGuid = {27A9673B-83F6-4351-879E-F60E4F8F0B62}
	EndGlobalSection
EndGlobal
